
Microsoft Visual Studio Solution File, Format Version 12.00
# Visual Studio Version 16
VisualStudioVersion = 16.0.31213.239
MinimumVisualStudioVersion = 10.0.40219.1
Project("{FAE04EC0-301F-11D3-BF4B-00C04F79EFBC}") = "Phase3Section5.5", "Phase3Section5.5\Phase3Section5.5.csproj", "{F437CA34-0DD1-4E91-91A0-1DD0BC2DBFAC}"
EndProject
Project("{FAE04EC0-301F-11D3-BF4B-00C04F79EFBC}") = "Phase3Section5.5Host", "Phase3Section5.5Host\Phase3Section5.5Host.csproj", "{5D3F9208-1604-414A-8B31-3CF35C269B46}"
EndProject
Project("{FAE04EC0-301F-11D3-BF4B-00C04F79EFBC}") = "Phase3Section5.5Client", "Phase3Section5.5Client\Phase3Section5.5Client.csproj", "{5BFEBA66-A099-4711-8F73-38DB3800D245}"
	ProjectSection(ProjectDependencies) = postProject
		{F437CA34-0DD1-4E91-91A0-1DD0BC2DBFAC} = {F437CA34-0DD1-4E91-91A0-1DD0BC2DBFAC}
	EndProjectSection
EndProject
Global
	GlobalSection(SolutionConfigurationPlatforms) = preSolution
		Debug|Any CPU = Debug|Any CPU
		Release|Any CPU = Release|Any CPU
	EndGlobalSection
	GlobalSection(ProjectConfigurationPlatforms) = postSolution
		{F437CA34-0DD1-4E91-91A0-1DD0BC2DBFAC}.Debug|Any CPU.ActiveCfg = Debug|Any CPU
		{F437CA34-0DD1-4E91-91A0-1DD0BC2DBFAC}.Debug|Any CPU.Build.0 = Debug|Any CPU
		{F437CA34-0DD1-4E91-91A0-1DD0BC2DBFAC}.Release|Any CPU.ActiveCfg = Release|Any CPU
		{F437CA34-0DD1-4E91-91A0-1DD0BC2DBFAC}.Release|Any CPU.Build.0 = Release|Any CPU
		{5D3F9208-1604-414A-8B31-3CF35C269B46}.Debug|Any CPU.ActiveCfg = Debug|Any CPU
		{5D3F9208-1604-414A-8B31-3CF35C269B46}.Debug|Any CPU.Build.0 = Debug|Any CPU
		{5D3F9208-1604-414A-8B31-3CF35C269B46}.Release|Any CPU.ActiveCfg = Release|Any CPU
		{5D3F9208-1604-414A-8B31-3CF35C269B46}.Release|Any CPU.Build.0 = Release|Any CPU
		{5BFEBA66-A099-4711-8F73-38DB3800D245}.Debug|Any CPU.ActiveCfg = Debug|Any CPU
		{5BFEBA66-A099-4711-8F73-38DB3800D245}.Debug|Any CPU.Build.0 = Debug|Any CPU
		{5BFEBA66-A099-4711-8F73-38DB3800D245}.Release|Any CPU.ActiveCfg = Release|Any CPU
		{5BFEBA66-A099-4711-8F73-38DB3800D245}.Release|Any CPU.Build.0 = Release|Any CPU
	EndGlobalSection
	GlobalSection(SolutionProperties) = preSolution
		HideSolutionNode = FALSE
	EndGlobalSection
	GlobalSection(ExtensibilityGlobals) = postSolution
		SolutionGuid = {E6A9DD7D-1889-410B-A628-699393D01FE7}
	EndGlobalSection
EndGlobal
