
Microsoft Visual Studio Solution File, Format Version 12.00
# Visual Studio Version 16
VisualStudioVersion = 16.0.31213.239
MinimumVisualStudioVersion = 10.0.40219.1
Project("{FAE04EC0-301F-11D3-BF4B-00C04F79EFBC}") = "Phase3Section2_22", "Phase3Section2_22\Phase3Section2_22.csproj", "{BAF40FFA-189F-44BD-A7D8-587F865D15D9}"
EndProject
Global
	GlobalSection(SolutionConfigurationPlatforms) = preSolution
		Debug|Any CPU = Debug|Any CPU
		Release|Any CPU = Release|Any CPU
	EndGlobalSection
	GlobalSection(ProjectConfigurationPlatforms) = postSolution
		{BAF40FFA-189F-44BD-A7D8-587F865D15D9}.Debug|Any CPU.ActiveCfg = Debug|Any CPU
		{BAF40FFA-189F-44BD-A7D8-587F865D15D9}.Debug|Any CPU.Build.0 = Debug|Any CPU
		{BAF40FFA-189F-44BD-A7D8-587F865D15D9}.Release|Any CPU.ActiveCfg = Release|Any CPU
		{BAF40FFA-189F-44BD-A7D8-587F865D15D9}.Release|Any CPU.Build.0 = Release|Any CPU
	EndGlobalSection
	GlobalSection(SolutionProperties) = preSolution
		HideSolutionNode = FALSE
	EndGlobalSection
	GlobalSection(ExtensibilityGlobals) = postSolution
		SolutionGuid = {458B91EC-635D-421D-9393-604A21B5A283}
	EndGlobalSection
EndGlobal
