
Microsoft Visual Studio Solution File, Format Version 12.00
# Visual Studio Version 16
VisualStudioVersion = 16.0.31220.234
MinimumVisualStudioVersion = 10.0.40219.1
Project("{FAE04EC0-301F-11D3-BF4B-00C04F79EFBC}") = "Phase4_2_5_MultipleAssertions", "Phase4_2_5_MultipleAssertions\Phase4_2_5_MultipleAssertions.csproj", "{F7C5142C-92D4-43BC-8EF4-7A9F3C43098E}"
EndProject
Project("{FAE04EC0-301F-11D3-BF4B-00C04F79EFBC}") = "Phase4_2_5_MultipleAssertions.Tests", "Phase4_2_5_MultipleAssertions.Tests\Phase4_2_5_MultipleAssertions.Tests.csproj", "{DCFD2F25-B54F-4A37-83FE-7AE3A4C32E5E}"
EndProject
Global
	GlobalSection(SolutionConfigurationPlatforms) = preSolution
		Debug|Any CPU = Debug|Any CPU
		Release|Any CPU = Release|Any CPU
	EndGlobalSection
	GlobalSection(ProjectConfigurationPlatforms) = postSolution
		{F7C5142C-92D4-43BC-8EF4-7A9F3C43098E}.Debug|Any CPU.ActiveCfg = Debug|Any CPU
		{F7C5142C-92D4-43BC-8EF4-7A9F3C43098E}.Debug|Any CPU.Build.0 = Debug|Any CPU
		{F7C5142C-92D4-43BC-8EF4-7A9F3C43098E}.Release|Any CPU.ActiveCfg = Release|Any CPU
		{F7C5142C-92D4-43BC-8EF4-7A9F3C43098E}.Release|Any CPU.Build.0 = Release|Any CPU
		{DCFD2F25-B54F-4A37-83FE-7AE3A4C32E5E}.Debug|Any CPU.ActiveCfg = Debug|Any CPU
		{DCFD2F25-B54F-4A37-83FE-7AE3A4C32E5E}.Debug|Any CPU.Build.0 = Debug|Any CPU
		{DCFD2F25-B54F-4A37-83FE-7AE3A4C32E5E}.Release|Any CPU.ActiveCfg = Release|Any CPU
		{DCFD2F25-B54F-4A37-83FE-7AE3A4C32E5E}.Release|Any CPU.Build.0 = Release|Any CPU
	EndGlobalSection
	GlobalSection(SolutionProperties) = preSolution
		HideSolutionNode = FALSE
	EndGlobalSection
	GlobalSection(ExtensibilityGlobals) = postSolution
		SolutionGuid = {FAB8DBA5-C222-4980-9EF4-25B5A3178D85}
	EndGlobalSection
EndGlobal
