
Microsoft Visual Studio Solution File, Format Version 12.00
# Visual Studio Version 16
VisualStudioVersion = 16.0.31213.239
MinimumVisualStudioVersion = 10.0.40219.1
Project("{FAE04EC0-301F-11D3-BF4B-00C04F79EFBC}") = "Phase3Section4_9_Projection", "Phase3Section4_9_Projection\Phase3Section4_9_Projection.csproj", "{BA01ECA3-7767-40A7-BDDA-D335D52D5EE9}"
EndProject
Global
	GlobalSection(SolutionConfigurationPlatforms) = preSolution
		Debug|Any CPU = Debug|Any CPU
		Release|Any CPU = Release|Any CPU
	EndGlobalSection
	GlobalSection(ProjectConfigurationPlatforms) = postSolution
		{BA01ECA3-7767-40A7-BDDA-D335D52D5EE9}.Debug|Any CPU.ActiveCfg = Debug|Any CPU
		{BA01ECA3-7767-40A7-BDDA-D335D52D5EE9}.Debug|Any CPU.Build.0 = Debug|Any CPU
		{BA01ECA3-7767-40A7-BDDA-D335D52D5EE9}.Release|Any CPU.ActiveCfg = Release|Any CPU
		{BA01ECA3-7767-40A7-BDDA-D335D52D5EE9}.Release|Any CPU.Build.0 = Release|Any CPU
	EndGlobalSection
	GlobalSection(SolutionProperties) = preSolution
		HideSolutionNode = FALSE
	EndGlobalSection
	GlobalSection(ExtensibilityGlobals) = postSolution
		SolutionGuid = {6E261A41-D5E5-47D0-A433-EBB27E7FE18C}
	EndGlobalSection
EndGlobal
