
Microsoft Visual Studio Solution File, Format Version 12.00
# Visual Studio Version 16
VisualStudioVersion = 16.0.31220.234
MinimumVisualStudioVersion = 10.0.40219.1
Project("{FAE04EC0-301F-11D3-BF4B-00C04F79EFBC}") = "Phase4_2_4_ArrangeActAssert", "Phase4_2_4_ArrangeActAssert\Phase4_2_4_ArrangeActAssert.csproj", "{ABBA4846-9ABE-48CE-B93F-F66B63FA903A}"
EndProject
Project("{FAE04EC0-301F-11D3-BF4B-00C04F79EFBC}") = "Phase4_2_4_ArrangeActAssert.Tests", "Phase4_2_4_ArrangeActAssert.Tests\Phase4_2_4_ArrangeActAssert.Tests.csproj", "{63EFD1E3-3664-4CA2-9D4F-9D545E066AC1}"
EndProject
Global
	GlobalSection(SolutionConfigurationPlatforms) = preSolution
		Debug|Any CPU = Debug|Any CPU
		Release|Any CPU = Release|Any CPU
	EndGlobalSection
	GlobalSection(ProjectConfigurationPlatforms) = postSolution
		{ABBA4846-9ABE-48CE-B93F-F66B63FA903A}.Debug|Any CPU.ActiveCfg = Debug|Any CPU
		{ABBA4846-9ABE-48CE-B93F-F66B63FA903A}.Debug|Any CPU.Build.0 = Debug|Any CPU
		{ABBA4846-9ABE-48CE-B93F-F66B63FA903A}.Release|Any CPU.ActiveCfg = Release|Any CPU
		{ABBA4846-9ABE-48CE-B93F-F66B63FA903A}.Release|Any CPU.Build.0 = Release|Any CPU
		{63EFD1E3-3664-4CA2-9D4F-9D545E066AC1}.Debug|Any CPU.ActiveCfg = Debug|Any CPU
		{63EFD1E3-3664-4CA2-9D4F-9D545E066AC1}.Debug|Any CPU.Build.0 = Debug|Any CPU
		{63EFD1E3-3664-4CA2-9D4F-9D545E066AC1}.Release|Any CPU.ActiveCfg = Release|Any CPU
		{63EFD1E3-3664-4CA2-9D4F-9D545E066AC1}.Release|Any CPU.Build.0 = Release|Any CPU
	EndGlobalSection
	GlobalSection(SolutionProperties) = preSolution
		HideSolutionNode = FALSE
	EndGlobalSection
	GlobalSection(ExtensibilityGlobals) = postSolution
		SolutionGuid = {2015E896-2F7F-4C18-9CD1-A5CB32A33A7C}
	EndGlobalSection
EndGlobal
