
Microsoft Visual Studio Solution File, Format Version 12.00
# Visual Studio Version 16
VisualStudioVersion = 16.0.31213.239
MinimumVisualStudioVersion = 10.0.40219.1
Project("{FAE04EC0-301F-11D3-BF4B-00C04F79EFBC}") = "Phase3Section5.5", "Phase3Section5.5\Phase3Section5.5.csproj", "{A0507236-C9F3-4D5B-B310-A0EDB5CE8426}"
EndProject
Global
	GlobalSection(SolutionConfigurationPlatforms) = preSolution
		Debug|Any CPU = Debug|Any CPU
		Release|Any CPU = Release|Any CPU
	EndGlobalSection
	GlobalSection(ProjectConfigurationPlatforms) = postSolution
		{A0507236-C9F3-4D5B-B310-A0EDB5CE8426}.Debug|Any CPU.ActiveCfg = Debug|Any CPU
		{A0507236-C9F3-4D5B-B310-A0EDB5CE8426}.Debug|Any CPU.Build.0 = Debug|Any CPU
		{A0507236-C9F3-4D5B-B310-A0EDB5CE8426}.Release|Any CPU.ActiveCfg = Release|Any CPU
		{A0507236-C9F3-4D5B-B310-A0EDB5CE8426}.Release|Any CPU.Build.0 = Release|Any CPU
	EndGlobalSection
	GlobalSection(SolutionProperties) = preSolution
		HideSolutionNode = FALSE
	EndGlobalSection
	GlobalSection(ExtensibilityGlobals) = postSolution
		SolutionGuid = {9D3AEBD1-75D5-422A-98B6-804550E163DF}
	EndGlobalSection
EndGlobal
