
Microsoft Visual Studio Solution File, Format Version 12.00
# Visual Studio Version 16
VisualStudioVersion = 16.0.31213.239
MinimumVisualStudioVersion = 10.0.40219.1
Project("{FAE04EC0-301F-11D3-BF4B-00C04F79EFBC}") = "Phase3HTMLForms", "Phase3HTMLForms\Phase3HTMLForms.csproj", "{4C378BF7-2103-4B15-8A7B-58EF4516D8C9}"
EndProject
Global
	GlobalSection(SolutionConfigurationPlatforms) = preSolution
		Debug|Any CPU = Debug|Any CPU
		Release|Any CPU = Release|Any CPU
	EndGlobalSection
	GlobalSection(ProjectConfigurationPlatforms) = postSolution
		{4C378BF7-2103-4B15-8A7B-58EF4516D8C9}.Debug|Any CPU.ActiveCfg = Debug|Any CPU
		{4C378BF7-2103-4B15-8A7B-58EF4516D8C9}.Debug|Any CPU.Build.0 = Debug|Any CPU
		{4C378BF7-2103-4B15-8A7B-58EF4516D8C9}.Release|Any CPU.ActiveCfg = Release|Any CPU
		{4C378BF7-2103-4B15-8A7B-58EF4516D8C9}.Release|Any CPU.Build.0 = Release|Any CPU
	EndGlobalSection
	GlobalSection(SolutionProperties) = preSolution
		HideSolutionNode = FALSE
	EndGlobalSection
	GlobalSection(ExtensibilityGlobals) = postSolution
		SolutionGuid = {1B6C2D5F-53F7-4329-8971-3A7C2E160C16}
	EndGlobalSection
EndGlobal
