
Microsoft Visual Studio Solution File, Format Version 12.00
# Visual Studio Version 16
VisualStudioVersion = 16.0.31025.218
MinimumVisualStudioVersion = 10.0.40219.1
Project("{FAE04EC0-301F-11D3-BF4B-00C04F79EFBC}") = "Phase3Section2_3", "Phase3Section2_3\Phase3Section2_3.csproj", "{F735B0BA-17AB-47CA-837A-F7C030C7E4E2}"
EndProject
Global
	GlobalSection(SolutionConfigurationPlatforms) = preSolution
		Debug|Any CPU = Debug|Any CPU
		Release|Any CPU = Release|Any CPU
	EndGlobalSection
	GlobalSection(ProjectConfigurationPlatforms) = postSolution
		{F735B0BA-17AB-47CA-837A-F7C030C7E4E2}.Debug|Any CPU.ActiveCfg = Debug|Any CPU
		{F735B0BA-17AB-47CA-837A-F7C030C7E4E2}.Debug|Any CPU.Build.0 = Debug|Any CPU
		{F735B0BA-17AB-47CA-837A-F7C030C7E4E2}.Release|Any CPU.ActiveCfg = Release|Any CPU
		{F735B0BA-17AB-47CA-837A-F7C030C7E4E2}.Release|Any CPU.Build.0 = Release|Any CPU
	EndGlobalSection
	GlobalSection(SolutionProperties) = preSolution
		HideSolutionNode = FALSE
	EndGlobalSection
	GlobalSection(ExtensibilityGlobals) = postSolution
		SolutionGuid = {A9C3B0E6-9AF5-41E6-B451-5E3B6520BB94}
	EndGlobalSection
EndGlobal
