
Microsoft Visual Studio Solution File, Format Version 12.00
# Visual Studio Version 16
VisualStudioVersion = 16.0.31213.239
MinimumVisualStudioVersion = 10.0.40219.1
Project("{FAE04EC0-301F-11D3-BF4B-00C04F79EFBC}") = "Phase3Section2_24", "Phase3Section2_24\Phase3Section2_24.csproj", "{80135B62-C134-449F-9E68-31C1BDD3187B}"
EndProject
Global
	GlobalSection(SolutionConfigurationPlatforms) = preSolution
		Debug|Any CPU = Debug|Any CPU
		Release|Any CPU = Release|Any CPU
	EndGlobalSection
	GlobalSection(ProjectConfigurationPlatforms) = postSolution
		{80135B62-C134-449F-9E68-31C1BDD3187B}.Debug|Any CPU.ActiveCfg = Debug|Any CPU
		{80135B62-C134-449F-9E68-31C1BDD3187B}.Debug|Any CPU.Build.0 = Debug|Any CPU
		{80135B62-C134-449F-9E68-31C1BDD3187B}.Release|Any CPU.ActiveCfg = Release|Any CPU
		{80135B62-C134-449F-9E68-31C1BDD3187B}.Release|Any CPU.Build.0 = Release|Any CPU
	EndGlobalSection
	GlobalSection(SolutionProperties) = preSolution
		HideSolutionNode = FALSE
	EndGlobalSection
	GlobalSection(ExtensibilityGlobals) = postSolution
		SolutionGuid = {5602A9F2-5421-4B6F-8A63-306486429BEC}
	EndGlobalSection
EndGlobal
