
Microsoft Visual Studio Solution File, Format Version 12.00
# Visual Studio Version 16
VisualStudioVersion = 16.0.31213.239
MinimumVisualStudioVersion = 10.0.40219.1
Project("{FAE04EC0-301F-11D3-BF4B-00C04F79EFBC}") = "Phase3Section2_10b", "Phase3Section2_10b\Phase3Section2_10b.csproj", "{A14620BB-E754-4F2F-B17E-D47C51EA5205}"
EndProject
Global
	GlobalSection(SolutionConfigurationPlatforms) = preSolution
		Debug|Any CPU = Debug|Any CPU
		Release|Any CPU = Release|Any CPU
	EndGlobalSection
	GlobalSection(ProjectConfigurationPlatforms) = postSolution
		{A14620BB-E754-4F2F-B17E-D47C51EA5205}.Debug|Any CPU.ActiveCfg = Debug|Any CPU
		{A14620BB-E754-4F2F-B17E-D47C51EA5205}.Debug|Any CPU.Build.0 = Debug|Any CPU
		{A14620BB-E754-4F2F-B17E-D47C51EA5205}.Release|Any CPU.ActiveCfg = Release|Any CPU
		{A14620BB-E754-4F2F-B17E-D47C51EA5205}.Release|Any CPU.Build.0 = Release|Any CPU
	EndGlobalSection
	GlobalSection(SolutionProperties) = preSolution
		HideSolutionNode = FALSE
	EndGlobalSection
	GlobalSection(ExtensibilityGlobals) = postSolution
		SolutionGuid = {5F219E39-AC4F-4CFB-B20F-8126657DC4E9}
	EndGlobalSection
EndGlobal
