
Microsoft Visual Studio Solution File, Format Version 12.00
# Visual Studio Version 16
VisualStudioVersion = 16.0.31213.239
MinimumVisualStudioVersion = 10.0.40219.1
Project("{FAE04EC0-301F-11D3-BF4B-00C04F79EFBC}") = "Phase3_Section2_40", "Phase3_Section2_40\Phase3_Section2_40.csproj", "{79ED3975-C728-4000-A132-B57FF3381B9C}"
EndProject
Global
	GlobalSection(SolutionConfigurationPlatforms) = preSolution
		Debug|Any CPU = Debug|Any CPU
		Release|Any CPU = Release|Any CPU
	EndGlobalSection
	GlobalSection(ProjectConfigurationPlatforms) = postSolution
		{79ED3975-C728-4000-A132-B57FF3381B9C}.Debug|Any CPU.ActiveCfg = Debug|Any CPU
		{79ED3975-C728-4000-A132-B57FF3381B9C}.Debug|Any CPU.Build.0 = Debug|Any CPU
		{79ED3975-C728-4000-A132-B57FF3381B9C}.Release|Any CPU.ActiveCfg = Release|Any CPU
		{79ED3975-C728-4000-A132-B57FF3381B9C}.Release|Any CPU.Build.0 = Release|Any CPU
	EndGlobalSection
	GlobalSection(SolutionProperties) = preSolution
		HideSolutionNode = FALSE
	EndGlobalSection
	GlobalSection(ExtensibilityGlobals) = postSolution
		SolutionGuid = {13534F1F-342E-4EE3-B9C1-877DB0C53AC9}
	EndGlobalSection
EndGlobal
