
Microsoft Visual Studio Solution File, Format Version 12.00
# Visual Studio Version 16
VisualStudioVersion = 16.0.31213.239
MinimumVisualStudioVersion = 10.0.40219.1
Project("{FAE04EC0-301F-11D3-BF4B-00C04F79EFBC}") = "Phase3_Section3_36_CustomHelpers", "Phase3_Section3_36_CustomHelpers\Phase3_Section3_36_CustomHelpers.csproj", "{951DF6C2-91D0-481D-8CBD-8E4234CD6C5B}"
EndProject
Global
	GlobalSection(SolutionConfigurationPlatforms) = preSolution
		Debug|Any CPU = Debug|Any CPU
		Release|Any CPU = Release|Any CPU
	EndGlobalSection
	GlobalSection(ProjectConfigurationPlatforms) = postSolution
		{951DF6C2-91D0-481D-8CBD-8E4234CD6C5B}.Debug|Any CPU.ActiveCfg = Debug|Any CPU
		{951DF6C2-91D0-481D-8CBD-8E4234CD6C5B}.Debug|Any CPU.Build.0 = Debug|Any CPU
		{951DF6C2-91D0-481D-8CBD-8E4234CD6C5B}.Release|Any CPU.ActiveCfg = Release|Any CPU
		{951DF6C2-91D0-481D-8CBD-8E4234CD6C5B}.Release|Any CPU.Build.0 = Release|Any CPU
	EndGlobalSection
	GlobalSection(SolutionProperties) = preSolution
		HideSolutionNode = FALSE
	EndGlobalSection
	GlobalSection(ExtensibilityGlobals) = postSolution
		SolutionGuid = {096FAF76-8F7C-4F4F-8CD6-3B8EFC61C6B4}
	EndGlobalSection
EndGlobal
