
Microsoft Visual Studio Solution File, Format Version 12.00
# Visual Studio Version 16
VisualStudioVersion = 16.0.31213.239
MinimumVisualStudioVersion = 10.0.40219.1
Project("{FAE04EC0-301F-11D3-BF4B-00C04F79EFBC}") = "Phase3_Section3_38_ErrorHandling", "Phase3_Section3_38_ErrorHandling\Phase3_Section3_38_ErrorHandling.csproj", "{F1E774CA-E4B9-4220-A19C-1838B830CB81}"
EndProject
Global
	GlobalSection(SolutionConfigurationPlatforms) = preSolution
		Debug|Any CPU = Debug|Any CPU
		Release|Any CPU = Release|Any CPU
	EndGlobalSection
	GlobalSection(ProjectConfigurationPlatforms) = postSolution
		{F1E774CA-E4B9-4220-A19C-1838B830CB81}.Debug|Any CPU.ActiveCfg = Debug|Any CPU
		{F1E774CA-E4B9-4220-A19C-1838B830CB81}.Debug|Any CPU.Build.0 = Debug|Any CPU
		{F1E774CA-E4B9-4220-A19C-1838B830CB81}.Release|Any CPU.ActiveCfg = Release|Any CPU
		{F1E774CA-E4B9-4220-A19C-1838B830CB81}.Release|Any CPU.Build.0 = Release|Any CPU
	EndGlobalSection
	GlobalSection(SolutionProperties) = preSolution
		HideSolutionNode = FALSE
	EndGlobalSection
	GlobalSection(ExtensibilityGlobals) = postSolution
		SolutionGuid = {CF86F0C5-DCC6-49E7-963E-A4F09C77A0F9}
	EndGlobalSection
EndGlobal
