
Microsoft Visual Studio Solution File, Format Version 12.00
# Visual Studio Version 16
VisualStudioVersion = 16.0.31004.235
MinimumVisualStudioVersion = 10.0.40219.1
Project("{FAE04EC0-301F-11D3-BF4B-00C04F79EFBC}") = "ProjectPhase1", "ProjectPhase1\ProjectPhase1.csproj", "{09E9A513-42EE-4A34-AE74-FAD7BE771B76}"
EndProject
Global
	GlobalSection(SolutionConfigurationPlatforms) = preSolution
		Debug|Any CPU = Debug|Any CPU
		Release|Any CPU = Release|Any CPU
	EndGlobalSection
	GlobalSection(ProjectConfigurationPlatforms) = postSolution
		{09E9A513-42EE-4A34-AE74-FAD7BE771B76}.Debug|Any CPU.ActiveCfg = Debug|Any CPU
		{09E9A513-42EE-4A34-AE74-FAD7BE771B76}.Debug|Any CPU.Build.0 = Debug|Any CPU
		{09E9A513-42EE-4A34-AE74-FAD7BE771B76}.Release|Any CPU.ActiveCfg = Release|Any CPU
		{09E9A513-42EE-4A34-AE74-FAD7BE771B76}.Release|Any CPU.Build.0 = Release|Any CPU
	EndGlobalSection
	GlobalSection(SolutionProperties) = preSolution
		HideSolutionNode = FALSE
	EndGlobalSection
	GlobalSection(ExtensibilityGlobals) = postSolution
		SolutionGuid = {32466DD8-AB85-4ABC-BC59-3570AB4B1E01}
	EndGlobalSection
EndGlobal
