
Microsoft Visual Studio Solution File, Format Version 12.00
# Visual Studio Version 16
VisualStudioVersion = 16.0.31220.234
MinimumVisualStudioVersion = 10.0.40219.1
Project("{FAE04EC0-301F-11D3-BF4B-00C04F79EFBC}") = "Phase4_2_8_CodeCoverage", "Phase4_2_8_CodeCoverage\Phase4_2_8_CodeCoverage.csproj", "{03545FA9-52C6-4EE0-9EF7-7CD23AD2053C}"
EndProject
Project("{FAE04EC0-301F-11D3-BF4B-00C04F79EFBC}") = "Phase4_2_8_CodeCoverage.Tests", "Phase4_2_8_CodeCoverage.Tests\Phase4_2_8_CodeCoverage.Tests.csproj", "{AC64EFA7-D6BA-4CB7-81D9-6E81741A5859}"
EndProject
Global
	GlobalSection(SolutionConfigurationPlatforms) = preSolution
		Debug|Any CPU = Debug|Any CPU
		Release|Any CPU = Release|Any CPU
	EndGlobalSection
	GlobalSection(ProjectConfigurationPlatforms) = postSolution
		{03545FA9-52C6-4EE0-9EF7-7CD23AD2053C}.Debug|Any CPU.ActiveCfg = Debug|Any CPU
		{03545FA9-52C6-4EE0-9EF7-7CD23AD2053C}.Debug|Any CPU.Build.0 = Debug|Any CPU
		{03545FA9-52C6-4EE0-9EF7-7CD23AD2053C}.Release|Any CPU.ActiveCfg = Release|Any CPU
		{03545FA9-52C6-4EE0-9EF7-7CD23AD2053C}.Release|Any CPU.Build.0 = Release|Any CPU
		{AC64EFA7-D6BA-4CB7-81D9-6E81741A5859}.Debug|Any CPU.ActiveCfg = Debug|Any CPU
		{AC64EFA7-D6BA-4CB7-81D9-6E81741A5859}.Debug|Any CPU.Build.0 = Debug|Any CPU
		{AC64EFA7-D6BA-4CB7-81D9-6E81741A5859}.Release|Any CPU.ActiveCfg = Release|Any CPU
		{AC64EFA7-D6BA-4CB7-81D9-6E81741A5859}.Release|Any CPU.Build.0 = Release|Any CPU
	EndGlobalSection
	GlobalSection(SolutionProperties) = preSolution
		HideSolutionNode = FALSE
	EndGlobalSection
	GlobalSection(ExtensibilityGlobals) = postSolution
		SolutionGuid = {B6431C5F-B7FC-4DE3-882B-323B4C3AEC13}
	EndGlobalSection
EndGlobal
