
Microsoft Visual Studio Solution File, Format Version 12.00
# Visual Studio Version 16
VisualStudioVersion = 16.0.31213.239
MinimumVisualStudioVersion = 10.0.40219.1
Project("{FAE04EC0-301F-11D3-BF4B-00C04F79EFBC}") = "Phase3Section3_6", "Phase3Section3_6\Phase3Section3_6.csproj", "{87531B44-4A88-4F44-9E24-BF6562D76DCC}"
EndProject
Global
	GlobalSection(SolutionConfigurationPlatforms) = preSolution
		Debug|Any CPU = Debug|Any CPU
		Release|Any CPU = Release|Any CPU
	EndGlobalSection
	GlobalSection(ProjectConfigurationPlatforms) = postSolution
		{87531B44-4A88-4F44-9E24-BF6562D76DCC}.Debug|Any CPU.ActiveCfg = Debug|Any CPU
		{87531B44-4A88-4F44-9E24-BF6562D76DCC}.Debug|Any CPU.Build.0 = Debug|Any CPU
		{87531B44-4A88-4F44-9E24-BF6562D76DCC}.Release|Any CPU.ActiveCfg = Release|Any CPU
		{87531B44-4A88-4F44-9E24-BF6562D76DCC}.Release|Any CPU.Build.0 = Release|Any CPU
	EndGlobalSection
	GlobalSection(SolutionProperties) = preSolution
		HideSolutionNode = FALSE
	EndGlobalSection
	GlobalSection(ExtensibilityGlobals) = postSolution
		SolutionGuid = {2573B638-DEA8-4C14-A701-A9C72274F90A}
	EndGlobalSection
EndGlobal
