
Microsoft Visual Studio Solution File, Format Version 12.00
# Visual Studio Version 16
VisualStudioVersion = 16.0.31213.239
MinimumVisualStudioVersion = 10.0.40219.1
Project("{FAE04EC0-301F-11D3-BF4B-00C04F79EFBC}") = "Phase3Section2_14", "Phase3Section2_14\Phase3Section2_14.csproj", "{73045884-8771-4533-BEDF-64CE50BBAFBF}"
EndProject
Global
	GlobalSection(SolutionConfigurationPlatforms) = preSolution
		Debug|Any CPU = Debug|Any CPU
		Release|Any CPU = Release|Any CPU
	EndGlobalSection
	GlobalSection(ProjectConfigurationPlatforms) = postSolution
		{73045884-8771-4533-BEDF-64CE50BBAFBF}.Debug|Any CPU.ActiveCfg = Debug|Any CPU
		{73045884-8771-4533-BEDF-64CE50BBAFBF}.Debug|Any CPU.Build.0 = Debug|Any CPU
		{73045884-8771-4533-BEDF-64CE50BBAFBF}.Release|Any CPU.ActiveCfg = Release|Any CPU
		{73045884-8771-4533-BEDF-64CE50BBAFBF}.Release|Any CPU.Build.0 = Release|Any CPU
	EndGlobalSection
	GlobalSection(SolutionProperties) = preSolution
		HideSolutionNode = FALSE
	EndGlobalSection
	GlobalSection(ExtensibilityGlobals) = postSolution
		SolutionGuid = {0986A460-6A23-4289-88E0-D70E22B00C8F}
	EndGlobalSection
EndGlobal
