
Microsoft Visual Studio Solution File, Format Version 12.00
# Visual Studio Version 16
VisualStudioVersion = 16.0.31213.239
MinimumVisualStudioVersion = 10.0.40219.1
Project("{FAE04EC0-301F-11D3-BF4B-00C04F79EFBC}") = "Phase3Section3_13_Tracing", "Phase3Section3_13_Tracing\Phase3Section3_13_Tracing.csproj", "{B0D8CA68-0540-48C4-B87D-964BFFAA0CE0}"
EndProject
Global
	GlobalSection(SolutionConfigurationPlatforms) = preSolution
		Debug|Any CPU = Debug|Any CPU
		Release|Any CPU = Release|Any CPU
	EndGlobalSection
	GlobalSection(ProjectConfigurationPlatforms) = postSolution
		{B0D8CA68-0540-48C4-B87D-964BFFAA0CE0}.Debug|Any CPU.ActiveCfg = Debug|Any CPU
		{B0D8CA68-0540-48C4-B87D-964BFFAA0CE0}.Debug|Any CPU.Build.0 = Debug|Any CPU
		{B0D8CA68-0540-48C4-B87D-964BFFAA0CE0}.Release|Any CPU.ActiveCfg = Release|Any CPU
		{B0D8CA68-0540-48C4-B87D-964BFFAA0CE0}.Release|Any CPU.Build.0 = Release|Any CPU
	EndGlobalSection
	GlobalSection(SolutionProperties) = preSolution
		HideSolutionNode = FALSE
	EndGlobalSection
	GlobalSection(ExtensibilityGlobals) = postSolution
		SolutionGuid = {AB8FDD7F-B432-432B-8F05-C06E5838025A}
	EndGlobalSection
EndGlobal
