
Microsoft Visual Studio Solution File, Format Version 12.00
# Visual Studio Version 16
VisualStudioVersion = 16.0.31220.234
MinimumVisualStudioVersion = 10.0.40219.1
Project("{FAE04EC0-301F-11D3-BF4B-00C04F79EFBC}") = "Phase3Section4_13_Sorting", "Phase3Section4_13_Sorting\Phase3Section4_13_Sorting.csproj", "{3DD0FEA2-3D6D-40D3-A85E-4F02D41A0550}"
EndProject
Global
	GlobalSection(SolutionConfigurationPlatforms) = preSolution
		Debug|Any CPU = Debug|Any CPU
		Release|Any CPU = Release|Any CPU
	EndGlobalSection
	GlobalSection(ProjectConfigurationPlatforms) = postSolution
		{3DD0FEA2-3D6D-40D3-A85E-4F02D41A0550}.Debug|Any CPU.ActiveCfg = Debug|Any CPU
		{3DD0FEA2-3D6D-40D3-A85E-4F02D41A0550}.Debug|Any CPU.Build.0 = Debug|Any CPU
		{3DD0FEA2-3D6D-40D3-A85E-4F02D41A0550}.Release|Any CPU.ActiveCfg = Release|Any CPU
		{3DD0FEA2-3D6D-40D3-A85E-4F02D41A0550}.Release|Any CPU.Build.0 = Release|Any CPU
	EndGlobalSection
	GlobalSection(SolutionProperties) = preSolution
		HideSolutionNode = FALSE
	EndGlobalSection
	GlobalSection(ExtensibilityGlobals) = postSolution
		SolutionGuid = {2512F305-904D-4EE4-A805-971F495B1CED}
	EndGlobalSection
EndGlobal
