
Microsoft Visual Studio Solution File, Format Version 12.00
# Visual Studio Version 16
VisualStudioVersion = 16.0.31213.239
MinimumVisualStudioVersion = 10.0.40219.1
Project("{FAE04EC0-301F-11D3-BF4B-00C04F79EFBC}") = "Phase3Section2_12", "Phase3Section2_12\Phase3Section2_12.csproj", "{C0AF87C9-57B3-4098-8D9A-14E803ECEEF1}"
EndProject
Global
	GlobalSection(SolutionConfigurationPlatforms) = preSolution
		Debug|Any CPU = Debug|Any CPU
		Release|Any CPU = Release|Any CPU
	EndGlobalSection
	GlobalSection(ProjectConfigurationPlatforms) = postSolution
		{C0AF87C9-57B3-4098-8D9A-14E803ECEEF1}.Debug|Any CPU.ActiveCfg = Debug|Any CPU
		{C0AF87C9-57B3-4098-8D9A-14E803ECEEF1}.Debug|Any CPU.Build.0 = Debug|Any CPU
		{C0AF87C9-57B3-4098-8D9A-14E803ECEEF1}.Release|Any CPU.ActiveCfg = Release|Any CPU
		{C0AF87C9-57B3-4098-8D9A-14E803ECEEF1}.Release|Any CPU.Build.0 = Release|Any CPU
	EndGlobalSection
	GlobalSection(SolutionProperties) = preSolution
		HideSolutionNode = FALSE
	EndGlobalSection
	GlobalSection(ExtensibilityGlobals) = postSolution
		SolutionGuid = {887DE59E-BD6B-4EDF-85D3-2F6C76D8A653}
	EndGlobalSection
EndGlobal
