
Microsoft Visual Studio Solution File, Format Version 12.00
# Visual Studio Version 16
VisualStudioVersion = 16.0.31220.234
MinimumVisualStudioVersion = 10.0.40219.1
Project("{FAE04EC0-301F-11D3-BF4B-00C04F79EFBC}") = "Phase3Section4_17_Conversion", "Phase3Section4_17_Conversion\Phase3Section4_17_Conversion.csproj", "{18904C73-8A7F-416E-9BD9-7F25929136FB}"
EndProject
Global
	GlobalSection(SolutionConfigurationPlatforms) = preSolution
		Debug|Any CPU = Debug|Any CPU
		Release|Any CPU = Release|Any CPU
	EndGlobalSection
	GlobalSection(ProjectConfigurationPlatforms) = postSolution
		{18904C73-8A7F-416E-9BD9-7F25929136FB}.Debug|Any CPU.ActiveCfg = Debug|Any CPU
		{18904C73-8A7F-416E-9BD9-7F25929136FB}.Debug|Any CPU.Build.0 = Debug|Any CPU
		{18904C73-8A7F-416E-9BD9-7F25929136FB}.Release|Any CPU.ActiveCfg = Release|Any CPU
		{18904C73-8A7F-416E-9BD9-7F25929136FB}.Release|Any CPU.Build.0 = Release|Any CPU
	EndGlobalSection
	GlobalSection(SolutionProperties) = preSolution
		HideSolutionNode = FALSE
	EndGlobalSection
	GlobalSection(ExtensibilityGlobals) = postSolution
		SolutionGuid = {4F1741DA-4BB6-46F9-A100-79ABA5FDA62A}
	EndGlobalSection
EndGlobal
