
Microsoft Visual Studio Solution File, Format Version 12.00
# Visual Studio Version 16
VisualStudioVersion = 16.0.31213.239
MinimumVisualStudioVersion = 10.0.40219.1
Project("{FAE04EC0-301F-11D3-BF4B-00C04F79EFBC}") = "Phase3_Section3_34_DataValidation", "Phase3_Section3_34_DataValidation\Phase3_Section3_34_DataValidation.csproj", "{1CCB580B-01BC-4688-8A1B-07FE0447F877}"
EndProject
Global
	GlobalSection(SolutionConfigurationPlatforms) = preSolution
		Debug|Any CPU = Debug|Any CPU
		Release|Any CPU = Release|Any CPU
	EndGlobalSection
	GlobalSection(ProjectConfigurationPlatforms) = postSolution
		{1CCB580B-01BC-4688-8A1B-07FE0447F877}.Debug|Any CPU.ActiveCfg = Debug|Any CPU
		{1CCB580B-01BC-4688-8A1B-07FE0447F877}.Debug|Any CPU.Build.0 = Debug|Any CPU
		{1CCB580B-01BC-4688-8A1B-07FE0447F877}.Release|Any CPU.ActiveCfg = Release|Any CPU
		{1CCB580B-01BC-4688-8A1B-07FE0447F877}.Release|Any CPU.Build.0 = Release|Any CPU
	EndGlobalSection
	GlobalSection(SolutionProperties) = preSolution
		HideSolutionNode = FALSE
	EndGlobalSection
	GlobalSection(ExtensibilityGlobals) = postSolution
		SolutionGuid = {218B67CC-F18F-4D09-AC32-5F5F724F7451}
	EndGlobalSection
EndGlobal
